
Microsoft Visual Studio Solution File, Format Version 12.00
# Visual Studio 15
VisualStudioVersion = 15.0.27130.2027
MinimumVisualStudioVersion = 10.0.40219.1
Project("{FAE04EC0-301F-11D3-BF4B-00C04F79EFBC}") = "CahnJamieWkThreeExerciseTwo", "CahnJamieWkThreeExerciseTwo\CahnJamieWkThreeExerciseTwo.csproj", "{D37142F9-598C-4FB5-93D6-190870C18EDB}"
EndProject
Global
	GlobalSection(SolutionConfigurationPlatforms) = preSolution
		Debug|Any CPU = Debug|Any CPU
		Release|Any CPU = Release|Any CPU
	EndGlobalSection
	GlobalSection(ProjectConfigurationPlatforms) = postSolution
		{D37142F9-598C-4FB5-93D6-190870C18EDB}.Debug|Any CPU.ActiveCfg = Debug|Any CPU
		{D37142F9-598C-4FB5-93D6-190870C18EDB}.Debug|Any CPU.Build.0 = Debug|Any CPU
		{D37142F9-598C-4FB5-93D6-190870C18EDB}.Release|Any CPU.ActiveCfg = Release|Any CPU
		{D37142F9-598C-4FB5-93D6-190870C18EDB}.Release|Any CPU.Build.0 = Release|Any CPU
	EndGlobalSection
	GlobalSection(SolutionProperties) = preSolution
		HideSolutionNode = FALSE
	EndGlobalSection
	GlobalSection(ExtensibilityGlobals) = postSolution
		SolutionGuid = {8428C840-53D3-4C0F-AB06-F9D2B4186033}
	EndGlobalSection
EndGlobal
